// !$*UTF8*$!
{
	archiveVersion = 1;
	classes = {
	};
	objectVersion = 46;
	objects = {

/* Begin PBXBuildFile section */
		99C97FC21E84C38D00BFEE87 /* AppDelegate.swift in Sources */ = {isa = PBXBuildFile; fileRef = 99C97FC11E84C38D00BFEE87 /* AppDelegate.swift */; };
		99C97FC41E84C38D00BFEE87 /* ViewController.swift in Sources */ = {isa = PBXBuildFile; fileRef = 99C97FC31E84C38D00BFEE87 /* ViewController.swift */; };
		99C97FC71E84C38D00BFEE87 /* Main.storyboard in Resources */ = {isa = PBXBuildFile; fileRef = 99C97FC51E84C38D00BFEE87 /* Main.storyboard */; };
		99C97FC91E84C38D00BFEE87 /* Assets.xcassets in Resources */ = {isa = PBXBuildFile; fileRef = 99C97FC81E84C38D00BFEE87 /* Assets.xcassets */; };
		99C97FCC1E84C38D00BFEE87 /* LaunchScreen.storyboard in Resources */ = {isa = PBXBuildFile; fileRef = 99C97FCA1E84C38D00BFEE87 /* LaunchScreen.storyboard */; };
		99C97FD71E84C81000BFEE87 /* SnapKit.framework in Frameworks */ = {isa = PBXBuildFile; fileRef = 99C97FD61E84C81000BFEE87 /* SnapKit.framework */; };
		99C97FDA1E85097800BFEE87 /* Util.swift in Sources */ = {isa = PBXBuildFile; fileRef = 99C97FD91E85097800BFEE87 /* Util.swift */; };
		99C97FDC1E88FD9800BFEE87 /* ELSegmentView.swift in Sources */ = {isa = PBXBuildFile; fileRef = 99C97FDB1E88FD9800BFEE87 /* ELSegmentView.swift */; };
/* End PBXBuildFile section */

/* Begin PBXFileReference section */
		99C97FBE1E84C38D00BFEE87 /* ElSegmentDemo.app */ = {isa = PBXFileReference; explicitFileType = wrapper.application; includeInIndex = 0; path = ElSegmentDemo.app; sourceTree = BUILT_PRODUCTS_DIR; };
		99C97FC11E84C38D00BFEE87 /* AppDelegate.swift */ = {isa = PBXFileReference; lastKnownFileType = sourcecode.swift; path = AppDelegate.swift; sourceTree = "<group>"; };
		99C97FC31E84C38D00BFEE87 /* ViewController.swift */ = {isa = PBXFileReference; lastKnownFileType = sourcecode.swift; path = ViewController.swift; sourceTree = "<group>"; };
		99C97FC61E84C38D00BFEE87 /* Base */ = {isa = PBXFileReference; lastKnownFileType = file.storyboard; name = Base; path = Base.lproj/Main.storyboard; sourceTree = "<group>"; };
		99C97FC81E84C38D00BFEE87 /* Assets.xcassets */ = {isa = PBXFileReference; lastKnownFileType = folder.assetcatalog; path = Assets.xcassets; sourceTree = "<group>"; };
		99C97FCB1E84C38D00BFEE87 /* Base */ = {isa = PBXFileReference; lastKnownFileType = file.storyboard; name = Base; path = Base.lproj/LaunchScreen.storyboard; sourceTree = "<group>"; };
		99C97FCD1E84C38D00BFEE87 /* Info.plist */ = {isa = PBXFileReference; lastKnownFileType = text.plist.xml; path = Info.plist; sourceTree = "<group>"; };
		99C97FD61E84C81000BFEE87 /* SnapKit.framework */ = {isa = PBXFileReference; lastKnownFileType = wrapper.framework; name = SnapKit.framework; path = Carthage/Build/iOS/SnapKit.framework; sourceTree = "<group>"; };
		99C97FD91E85097800BFEE87 /* Util.swift */ = {isa = PBXFileReference; fileEncoding = 4; lastKnownFileType = sourcecode.swift; path = Util.swift; sourceTree = "<group>"; };
		99C97FDB1E88FD9800BFEE87 /* ELSegmentView.swift */ = {isa = PBXFileReference; fileEncoding = 4; lastKnownFileType = sourcecode.swift; path = ELSegmentView.swift; sourceTree = "<group>"; };
/* End PBXFileReference section */

/* Begin PBXFrameworksBuildPhase section */
		99C97FBB1E84C38D00BFEE87 /* Frameworks */ = {
			isa = PBXFrameworksBuildPhase;
			buildActionMask = 2147483647;
			files = (
				99C97FD71E84C81000BFEE87 /* SnapKit.framework in Frameworks */,
			);
			runOnlyForDeploymentPostprocessing = 0;
		};
/* End PBXFrameworksBuildPhase section */

/* Begin PBXGroup section */
		99C97FB51E84C38D00BFEE87 = {
			isa = PBXGroup;
			children = (
				99C97FC01E84C38D00BFEE87 /* ElSegmentDemo */,
				99C97FBF1E84C38D00BFEE87 /* Products */,
				99C97FD51E84C81000BFEE87 /* Frameworks */,
			);
			sourceTree = "<group>";
		};
		99C97FBF1E84C38D00BFEE87 /* Products */ = {
			isa = PBXGroup;
			children = (
				99C97FBE1E84C38D00BFEE87 /* ElSegmentDemo.app */,
			);
			name = Products;
			sourceTree = "<group>";
		};
		99C97FC01E84C38D00BFEE87 /* ElSegmentDemo */ = {
			isa = PBXGroup;
			children = (
				99C97FC11E84C38D00BFEE87 /* AppDelegate.swift */,
				99C97FC31E84C38D00BFEE87 /* ViewController.swift */,
				99C97FC51E84C38D00BFEE87 /* Main.storyboard */,
				99C97FC81E84C38D00BFEE87 /* Assets.xcassets */,
				99C97FCA1E84C38D00BFEE87 /* LaunchScreen.storyboard */,
				99C97FCD1E84C38D00BFEE87 /* Info.plist */,
				99C97FD91E85097800BFEE87 /* Util.swift */,
				99C97FDB1E88FD9800BFEE87 /* ELSegmentView.swift */,
			);
			path = ElSegmentDemo;
			sourceTree = "<group>";
		};
		99C97FD51E84C81000BFEE87 /* Frameworks */ = {
			isa = PBXGroup;
			children = (
				99C97FD61E84C81000BFEE87 /* SnapKit.framework */,
			);
			name = Frameworks;
			sourceTree = "<group>";
		};
/* End PBXGroup section */

/* Begin PBXNativeTarget section */
		99C97FBD1E84C38D00BFEE87 /* ElSegmentDemo */ = {
			isa = PBXNativeTarget;
			buildConfigurationList = 99C97FD01E84C38D00BFEE87 /* Build configuration list for PBXNativeTarget "ElSegmentDemo" */;
			buildPhases = (
				99C97FBA1E84C38D00BFEE87 /* Sources */,
				99C97FBB1E84C38D00BFEE87 /* Frameworks */,
				99C97FBC1E84C38D00BFEE87 /* Resources */,
				99C97FD81E84C81A00BFEE87 /* ShellScript */,
			);
			buildRules = (
			);
			dependencies = (
			);
			name = ElSegmentDemo;
			productName = ElSegmentDemo;
			productReference = 99C97FBE1E84C38D00BFEE87 /* ElSegmentDemo.app */;
			productType = "com.apple.product-type.application";
		};
/* End PBXNativeTarget section */

/* Begin PBXProject section */
		99C97FB61E84C38D00BFEE87 /* Project object */ = {
			isa = PBXProject;
			attributes = {
				LastSwiftUpdateCheck = 0820;
				LastUpgradeCheck = 0820;
				ORGANIZATIONNAME = "Lyons Eric";
				TargetAttributes = {
					99C97FBD1E84C38D00BFEE87 = {
						CreatedOnToolsVersion = 8.2.1;
						DevelopmentTeam = 25NSU4EZC6;
						ProvisioningStyle = Automatic;
					};
				};
			};
			buildConfigurationList = 99C97FB91E84C38D00BFEE87 /* Build configuration list for PBXProject "ElSegmentDemo" */;
			compatibilityVersion = "Xcode 3.2";
			developmentRegion = English;
			hasScannedForEncodings = 0;
			knownRegions = (
				en,
				Base,
			);
			mainGroup = 99C97FB51E84C38D00BFEE87;
			productRefGroup = 99C97FBF1E84C38D00BFEE87 /* Products */;
			projectDirPath = "";
			projectRoot = "";
			targets = (
				99C97FBD1E84C38D00BFEE87 /* ElSegmentDemo */,
			);
		};
/* End PBXProject section */

/* Begin PBXResourcesBuildPhase section */
		99C97FBC1E84C38D00BFEE87 /* Resources */ = {
			isa = PBXResourcesBuildPhase;
			buildActionMask = 2147483647;
			files = (
				99C97FCC1E84C38D00BFEE87 /* LaunchScreen.storyboard in Resources */,
				99C97FC91E84C38D00BFEE87 /* Assets.xcassets in Resources */,
				99C97FC71E84C38D00BFEE87 /* Main.storyboard in Resources */,
			);
			runOnlyForDeploymentPostprocessing = 0;
		};
/* End PBXResourcesBuildPhase section */

/* Begin PBXShellScriptBuildPhase section */
		99C97FD81E84C81A00BFEE87 /* ShellScript */ = {
			isa = PBXShellScriptBuildPhase;
			buildActionMask = 2147483647;
			files = (
			);
			inputPaths = (
				"$(SRCROOT)/Carthage/Build/iOS/SnapKit.framework",
			);
			outputPaths = (
			);
			runOnlyForDeploymentPostprocessing = 0;
			shellPath = /bin/sh;
			shellScript = "/usr/local/bin/carthage copy-frameworks";
		};
/* End PBXShellScriptBuildPhase section */

/* Begin PBXSourcesBuildPhase section */
		99C97FBA1E84C38D00BFEE87 /* Sources */ = {
			isa = PBXSourcesBuildPhase;
			buildActionMask = 2147483647;
			files = (
				99C97FC41E84C38D00BFEE87 /* ViewController.swift in Sources */,
				99C97FC21E84C38D00BFEE87 /* AppDelegate.swift in Sources */,
				99C97FDA1E85097800BFEE87 /* Util.swift in Sources */,
				99C97FDC1E88FD9800BFEE87 /* ELSegmentView.swift in Sources */,
			);
			runOnlyForDeploymentPostprocessing = 0;
		};
/* End PBXSourcesBuildPhase section */

/* Begin PBXVariantGroup section */
		99C97FC51E84C38D00BFEE87 /* Main.storyboard */ = {
			isa = PBXVariantGroup;
			children = (
				99C97FC61E84C38D00BFEE87 /* Base */,
			);
			name = Main.storyboard;
			sourceTree = "<group>";
		};
		99C97FCA1E84C38D00BFEE87 /* LaunchScreen.storyboard */ = {
			isa = PBXVariantGroup;
			children = (
				99C97FCB1E84C38D00BFEE87 /* Base */,
			);
			name = LaunchScreen.storyboard;
			sourceTree = "<group>";
		};
/* End PBXVariantGroup section */

/* Begin XCBuildConfiguration section */
		99C97FCE1E84C38D00BFEE87 /* Debug */ = {
			isa = XCBuildConfiguration;
			buildSettings = {
				ALWAYS_SEARCH_USER_PATHS = NO;
				CLANG_ANALYZER_NONNULL = YES;
				CLANG_CXX_LANGUAGE_STANDARD = "gnu++0x";
				CLANG_CXX_LIBRARY = "libc++";
				CLANG_ENABLE_MODULES = YES;
				CLANG_ENABLE_OBJC_ARC = YES;
				CLANG_WARN_BOOL_CONVERSION = YES;
				CLANG_WARN_CONSTANT_CONVERSION = YES;
				CLANG_WARN_DIRECT_OBJC_ISA_USAGE = YES_ERROR;
				CLANG_WARN_DOCUMENTATION_COMMENTS = YES;
				CLANG_WARN_EMPTY_BODY = YES;
				CLANG_WARN_ENUM_CONVERSION = YES;
				CLANG_WARN_INFINITE_RECURSION = YES;
				CLANG_WARN_INT_CONVERSION = YES;
				CLANG_WARN_OBJC_ROOT_CLASS = YES_ERROR;
				CLANG_WARN_SUSPICIOUS_MOVE = YES;
				CLANG_WARN_UNREACHABLE_CODE = YES;
				CLANG_WARN__DUPLICATE_METHOD_MATCH = YES;
				"CODE_SIGN_IDENTITY[sdk=iphoneos*]" = "iPhone Developer";
				COPY_PHASE_STRIP = NO;
				DEBUG_INFORMATION_FORMAT = dwarf;
				ENABLE_STRICT_OBJC_MSGSEND = YES;
				ENABLE_TESTABILITY = YES;
				GCC_C_LANGUAGE_STANDARD = gnu99;
				GCC_DYNAMIC_NO_PIC = NO;
				GCC_NO_COMMON_BLOCKS = YES;
				GCC_OPTIMIZATION_LEVEL = 0;
				GCC_PREPROCESSOR_DEFINITIONS = (
					"DEBUG=1",
					"$(inherited)",
				);
				GCC_WARN_64_TO_32_BIT_CONVERSION = YES;
				GCC_WARN_ABOUT_RETURN_TYPE = YES_ERROR;
				GCC_WARN_UNDECLARED_SELECTOR = YES;
				GCC_WARN_UNINITIALIZED_AUTOS = YES_AGGRESSIVE;
				GCC_WARN_UNUSED_FUNCTION = YES;
				GCC_WARN_UNUSED_VARIABLE = YES;
				IPHONEOS_DEPLOYMENT_TARGET = 10.2;
				MTL_ENABLE_DEBUG_INFO = YES;
				ONLY_ACTIVE_ARCH = YES;
				SDKROOT = iphoneos;
				SWIFT_ACTIVE_COMPILATION_CONDITIONS = DEBUG;
				SWIFT_OPTIMIZATION_LEVEL = "-Onone";
			};
			name = Debug;
		};
		99C97FCF1E84C38D00BFEE87 /* Release */ = {
			isa = XCBuildConfiguration;
			buildSettings = {
				ALWAYS_SEARCH_USER_PATHS = NO;
				CLANG_ANALYZER_NONNULL = YES;
				CLANG_CXX_LANGUAGE_STANDARD = "gnu++0x";
				CLANG_CXX_LIBRARY = "libc++";
				CLANG_ENABLE_MODULES = YES;
				CLANG_ENABLE_OBJC_ARC = YES;
				CLANG_WARN_BOOL_CONVERSION = YES;
				CLANG_WARN_CONSTANT_CONVERSION = YES;
				CLANG_WARN_DIRECT_OBJC_ISA_USAGE = YES_ERROR;
				CLANG_WARN_DOCUMENTATION_COMMENTS = YES;
				CLANG_WARN_EMPTY_BODY = YES;
				CLANG_WARN_ENUM_CONVERSION = YES;
				CLANG_WARN_INFINITE_RECURSION = YES;
				CLANG_WARN_INT_CONVERSION = YES;
				CLANG_WARN_OBJC_ROOT_CLASS = YES_ERROR;
				CLANG_WARN_SUSPICIOUS_MOVE = YES;
				CLANG_WARN_UNREACHABLE_CODE = YES;
				CLANG_WARN__DUPLICATE_METHOD_MATCH = YES;
				"CODE_SIGN_IDENTITY[sdk=iphoneos*]" = "iPhone Developer";
				COPY_PHASE_STRIP = NO;
				DEBUG_INFORMATION_FORMAT = "dwarf-with-dsym";
				ENABLE_NS_ASSERTIONS = NO;
				ENABLE_STRICT_OBJC_MSGSEND = YES;
				GCC_C_LANGUAGE_STANDARD = gnu99;
				GCC_NO_COMMON_BLOCKS = YES;
				GCC_WARN_64_TO_32_BIT_CONVERSION = YES;
				GCC_WARN_ABOUT_RETURN_TYPE = YES_ERROR;
				GCC_WARN_UNDECLARED_SELECTOR = YES;
				GCC_WARN_UNINITIALIZED_AUTOS = YES_AGGRESSIVE;
				GCC_WARN_UNUSED_FUNCTION = YES;
				GCC_WARN_UNUSED_VARIABLE = YES;
				IPHONEOS_DEPLOYMENT_TARGET = 10.2;
				MTL_ENABLE_DEBUG_INFO = NO;
				SDKROOT = iphoneos;
				SWIFT_OPTIMIZATION_LEVEL = "-Owholemodule";
				VALIDATE_PRODUCT = YES;
			};
			name = Release;
		};
		99C97FD11E84C38D00BFEE87 /* Debug */ = {
			isa = XCBuildConfiguration;
			buildSettings = {
				ASSETCATALOG_COMPILER_APPICON_NAME = AppIcon;
				DEVELOPMENT_TEAM = 25NSU4EZC6;
				FRAMEWORK_SEARCH_PATHS = (
					"$(inherited)",
					"$(PROJECT_DIR)/Carthage/Build/iOS",
				);
				INFOPLIST_FILE = ElSegmentDemo/Info.plist;
				LD_RUNPATH_SEARCH_PATHS = "$(inherited) @executable_path/Frameworks";
				PRODUCT_BUNDLE_IDENTIFIER = EricLyons.com.ElSegmentDemo;
				PRODUCT_NAME = "$(TARGET_NAME)";
				SWIFT_VERSION = 3.0;
			};
			name = Debug;
		};
		99C97FD21E84C38D00BFEE87 /* Release */ = {
			isa = XCBuildConfiguration;
			buildSettings = {
				ASSETCATALOG_COMPILER_APPICON_NAME = AppIcon;
				DEVELOPMENT_TEAM = 25NSU4EZC6;
				FRAMEWORK_SEARCH_PATHS = (
					"$(inherited)",
					"$(PROJECT_DIR)/Carthage/Build/iOS",
				);
				INFOPLIST_FILE = ElSegmentDemo/Info.plist;
				LD_RUNPATH_SEARCH_PATHS = "$(inherited) @executable_path/Frameworks";
				PRODUCT_BUNDLE_IDENTIFIER = EricLyons.com.ElSegmentDemo;
				PRODUCT_NAME = "$(TARGET_NAME)";
				SWIFT_VERSION = 3.0;
			};
			name = Release;
		};
/* End XCBuildConfiguration section */

/* Begin XCConfigurationList section */
		99C97FB91E84C38D00BFEE87 /* Build configuration list for PBXProject "ElSegmentDemo" */ = {
			isa = XCConfigurationList;
			buildConfigurations = (
				99C97FCE1E84C38D00BFEE87 /* Debug */,
				99C97FCF1E84C38D00BFEE87 /* Release */,
			);
			defaultConfigurationIsVisible = 0;
			defaultConfigurationName = Release;
		};
		99C97FD01E84C38D00BFEE87 /* Build configuration list for PBXNativeTarget "ElSegmentDemo" */ = {
			isa = XCConfigurationList;
			buildConfigurations = (
				99C97FD11E84C38D00BFEE87 /* Debug */,
				99C97FD21E84C38D00BFEE87 /* Release */,
			);
			defaultConfigurationIsVisible = 0;
		};
/* End XCConfigurationList section */
	};
	rootObject = 99C97FB61E84C38D00BFEE87 /* Project object */;
}
